
Microsoft Visual Studio Solution File, Format Version 12.00
# Visual Studio Version 16
VisualStudioVersion = 16.0.32407.337
MinimumVisualStudioVersion = 10.0.40219.1
Project("{FAE04EC0-301F-11D3-BF4B-00C04F79EFBC}") = "LostPeople", "LostPeople\LostPeople.csproj", "{7CBE4F7B-5730-4C32-891E-511FA6577AAB}"
EndProject
Global
	GlobalSection(SolutionConfigurationPlatforms) = preSolution
		Debug|Any CPU = Debug|Any CPU
		Release|Any CPU = Release|Any CPU
	EndGlobalSection
	GlobalSection(ProjectConfigurationPlatforms) = postSolution
		{7CBE4F7B-5730-4C32-891E-511FA6577AAB}.Debug|Any CPU.ActiveCfg = Debug|Any CPU
		{7CBE4F7B-5730-4C32-891E-511FA6577AAB}.Debug|Any CPU.Build.0 = Debug|Any CPU
		{7CBE4F7B-5730-4C32-891E-511FA6577AAB}.Release|Any CPU.ActiveCfg = Release|Any CPU
		{7CBE4F7B-5730-4C32-891E-511FA6577AAB}.Release|Any CPU.Build.0 = Release|Any CPU
	EndGlobalSection
	GlobalSection(SolutionProperties) = preSolution
		HideSolutionNode = FALSE
	EndGlobalSection
	GlobalSection(ExtensibilityGlobals) = postSolution
		SolutionGuid = {74B81985-DD75-48D6-82F6-1FBA345131C6}
	EndGlobalSection
EndGlobal
